
Microsoft Visual Studio Solution File, Format Version 12.00
# Visual Studio Version 17
VisualStudioVersion = 17.2.32616.157
MinimumVisualStudioVersion = 10.0.40219.1
Project("{FAE04EC0-301F-11D3-BF4B-00C04F79EFBC}") = "MenuWebAPI", "MenuWebAPI.csproj", "{84684152-DE73-4899-B472-0EBFC03B1868}"
EndProject
Global
	GlobalSection(SolutionConfigurationPlatforms) = preSolution
		Debug|Any CPU = Debug|Any CPU
		Release|Any CPU = Release|Any CPU
	EndGlobalSection
	GlobalSection(ProjectConfigurationPlatforms) = postSolution
		{84684152-DE73-4899-B472-0EBFC03B1868}.Debug|Any CPU.ActiveCfg = Debug|Any CPU
		{84684152-DE73-4899-B472-0EBFC03B1868}.Debug|Any CPU.Build.0 = Debug|Any CPU
		{84684152-DE73-4899-B472-0EBFC03B1868}.Release|Any CPU.ActiveCfg = Release|Any CPU
		{84684152-DE73-4899-B472-0EBFC03B1868}.Release|Any CPU.Build.0 = Release|Any CPU
	EndGlobalSection
	GlobalSection(SolutionProperties) = preSolution
		HideSolutionNode = FALSE
	EndGlobalSection
	GlobalSection(ExtensibilityGlobals) = postSolution
		SolutionGuid = {B911EF9E-9459-42CC-8468-8880ACCB8A82}
	EndGlobalSection
EndGlobal
